
Microsoft Visual Studio Solution File, Format Version 12.00
# Visual Studio Version 17
VisualStudioVersion = 17.11.35327.3
MinimumVisualStudioVersion = 10.0.40219.1
Project("{8BC9CEB8-8B4A-11D0-8D11-00A0C91BC942}") = "constructor_and_destructor", "constructor_and_destructor\constructor_and_destructor.vcxproj", "{CE40B288-BB62-46F7-B124-F0DF21B091B1}"
EndProject
Global
	GlobalSection(SolutionConfigurationPlatforms) = preSolution
		Debug|x64 = Debug|x64
		Debug|x86 = Debug|x86
		Release|x64 = Release|x64
		Release|x86 = Release|x86
	EndGlobalSection
	GlobalSection(ProjectConfigurationPlatforms) = postSolution
		{CE40B288-BB62-46F7-B124-F0DF21B091B1}.Debug|x64.ActiveCfg = Debug|x64
		{CE40B288-BB62-46F7-B124-F0DF21B091B1}.Debug|x64.Build.0 = Debug|x64
		{CE40B288-BB62-46F7-B124-F0DF21B091B1}.Debug|x86.ActiveCfg = Debug|Win32
		{CE40B288-BB62-46F7-B124-F0DF21B091B1}.Debug|x86.Build.0 = Debug|Win32
		{CE40B288-BB62-46F7-B124-F0DF21B091B1}.Release|x64.ActiveCfg = Release|x64
		{CE40B288-BB62-46F7-B124-F0DF21B091B1}.Release|x64.Build.0 = Release|x64
		{CE40B288-BB62-46F7-B124-F0DF21B091B1}.Release|x86.ActiveCfg = Release|Win32
		{CE40B288-BB62-46F7-B124-F0DF21B091B1}.Release|x86.Build.0 = Release|Win32
	EndGlobalSection
	GlobalSection(SolutionProperties) = preSolution
		HideSolutionNode = FALSE
	EndGlobalSection
	GlobalSection(ExtensibilityGlobals) = postSolution
		SolutionGuid = {F90163E6-74B8-4BC2-9F07-D6285B427DD2}
	EndGlobalSection
EndGlobal
