
Microsoft Visual Studio Solution File, Format Version 12.00
# Visual Studio Version 17
VisualStudioVersion = 17.11.35327.3
MinimumVisualStudioVersion = 10.0.40219.1
Project("{8BC9CEB8-8B4A-11D0-8D11-00A0C91BC942}") = "shallow_Copy_vs-deep_Copy", "shallow_Copy_vs-deep_Copy\shallow_Copy_vs-deep_Copy.vcxproj", "{D3FE1039-9CAC-4B41-A8A7-890F0E8BF586}"
EndProject
Global
	GlobalSection(SolutionConfigurationPlatforms) = preSolution
		Debug|x64 = Debug|x64
		Debug|x86 = Debug|x86
		Release|x64 = Release|x64
		Release|x86 = Release|x86
	EndGlobalSection
	GlobalSection(ProjectConfigurationPlatforms) = postSolution
		{D3FE1039-9CAC-4B41-A8A7-890F0E8BF586}.Debug|x64.ActiveCfg = Debug|x64
		{D3FE1039-9CAC-4B41-A8A7-890F0E8BF586}.Debug|x64.Build.0 = Debug|x64
		{D3FE1039-9CAC-4B41-A8A7-890F0E8BF586}.Debug|x86.ActiveCfg = Debug|Win32
		{D3FE1039-9CAC-4B41-A8A7-890F0E8BF586}.Debug|x86.Build.0 = Debug|Win32
		{D3FE1039-9CAC-4B41-A8A7-890F0E8BF586}.Release|x64.ActiveCfg = Release|x64
		{D3FE1039-9CAC-4B41-A8A7-890F0E8BF586}.Release|x64.Build.0 = Release|x64
		{D3FE1039-9CAC-4B41-A8A7-890F0E8BF586}.Release|x86.ActiveCfg = Release|Win32
		{D3FE1039-9CAC-4B41-A8A7-890F0E8BF586}.Release|x86.Build.0 = Release|Win32
	EndGlobalSection
	GlobalSection(SolutionProperties) = preSolution
		HideSolutionNode = FALSE
	EndGlobalSection
	GlobalSection(ExtensibilityGlobals) = postSolution
		SolutionGuid = {804E23A9-007B-4A93-9837-3933CE3CAA33}
	EndGlobalSection
EndGlobal
