
Microsoft Visual Studio Solution File, Format Version 12.00
# Visual Studio Version 17
VisualStudioVersion = 17.11.35327.3
MinimumVisualStudioVersion = 10.0.40219.1
Project("{8BC9CEB8-8B4A-11D0-8D11-00A0C91BC942}") = "multidimensional_array", "multidimensional_array\multidimensional_array.vcxproj", "{B8DFE511-CD93-468F-80C9-126100C77E37}"
EndProject
Global
	GlobalSection(SolutionConfigurationPlatforms) = preSolution
		Debug|x64 = Debug|x64
		Debug|x86 = Debug|x86
		Release|x64 = Release|x64
		Release|x86 = Release|x86
	EndGlobalSection
	GlobalSection(ProjectConfigurationPlatforms) = postSolution
		{B8DFE511-CD93-468F-80C9-126100C77E37}.Debug|x64.ActiveCfg = Debug|x64
		{B8DFE511-CD93-468F-80C9-126100C77E37}.Debug|x64.Build.0 = Debug|x64
		{B8DFE511-CD93-468F-80C9-126100C77E37}.Debug|x86.ActiveCfg = Debug|Win32
		{B8DFE511-CD93-468F-80C9-126100C77E37}.Debug|x86.Build.0 = Debug|Win32
		{B8DFE511-CD93-468F-80C9-126100C77E37}.Release|x64.ActiveCfg = Release|x64
		{B8DFE511-CD93-468F-80C9-126100C77E37}.Release|x64.Build.0 = Release|x64
		{B8DFE511-CD93-468F-80C9-126100C77E37}.Release|x86.ActiveCfg = Release|Win32
		{B8DFE511-CD93-468F-80C9-126100C77E37}.Release|x86.Build.0 = Release|Win32
	EndGlobalSection
	GlobalSection(SolutionProperties) = preSolution
		HideSolutionNode = FALSE
	EndGlobalSection
	GlobalSection(ExtensibilityGlobals) = postSolution
		SolutionGuid = {12C6E718-3673-435D-AB94-644B34C00595}
	EndGlobalSection
EndGlobal
