
Microsoft Visual Studio Solution File, Format Version 12.00
# Visual Studio Version 17
VisualStudioVersion = 17.11.35327.3
MinimumVisualStudioVersion = 10.0.40219.1
Project("{8BC9CEB8-8B4A-11D0-8D11-00A0C91BC942}") = "type-casting_1", "type-casting_1\type-casting_1.vcxproj", "{3D1C3641-7FF4-4F57-98D3-CCBECC12A60C}"
EndProject
Global
	GlobalSection(SolutionConfigurationPlatforms) = preSolution
		Debug|x64 = Debug|x64
		Debug|x86 = Debug|x86
		Release|x64 = Release|x64
		Release|x86 = Release|x86
	EndGlobalSection
	GlobalSection(ProjectConfigurationPlatforms) = postSolution
		{3D1C3641-7FF4-4F57-98D3-CCBECC12A60C}.Debug|x64.ActiveCfg = Debug|x64
		{3D1C3641-7FF4-4F57-98D3-CCBECC12A60C}.Debug|x64.Build.0 = Debug|x64
		{3D1C3641-7FF4-4F57-98D3-CCBECC12A60C}.Debug|x86.ActiveCfg = Debug|Win32
		{3D1C3641-7FF4-4F57-98D3-CCBECC12A60C}.Debug|x86.Build.0 = Debug|Win32
		{3D1C3641-7FF4-4F57-98D3-CCBECC12A60C}.Release|x64.ActiveCfg = Release|x64
		{3D1C3641-7FF4-4F57-98D3-CCBECC12A60C}.Release|x64.Build.0 = Release|x64
		{3D1C3641-7FF4-4F57-98D3-CCBECC12A60C}.Release|x86.ActiveCfg = Release|Win32
		{3D1C3641-7FF4-4F57-98D3-CCBECC12A60C}.Release|x86.Build.0 = Release|Win32
	EndGlobalSection
	GlobalSection(SolutionProperties) = preSolution
		HideSolutionNode = FALSE
	EndGlobalSection
	GlobalSection(ExtensibilityGlobals) = postSolution
		SolutionGuid = {3E56800B-3FF1-49A5-813A-AE514F3CF782}
	EndGlobalSection
EndGlobal
