
Microsoft Visual Studio Solution File, Format Version 12.00
# Visual Studio Version 17
VisualStudioVersion = 17.11.35327.3
MinimumVisualStudioVersion = 10.0.40219.1
Project("{8BC9CEB8-8B4A-11D0-8D11-00A0C91BC942}") = "const_and_Memory", "const_and_Memory\const_and_Memory.vcxproj", "{502EA80C-A018-44D4-BCEE-D785490E40D4}"
EndProject
Global
	GlobalSection(SolutionConfigurationPlatforms) = preSolution
		Debug|x64 = Debug|x64
		Debug|x86 = Debug|x86
		Release|x64 = Release|x64
		Release|x86 = Release|x86
	EndGlobalSection
	GlobalSection(ProjectConfigurationPlatforms) = postSolution
		{502EA80C-A018-44D4-BCEE-D785490E40D4}.Debug|x64.ActiveCfg = Debug|x64
		{502EA80C-A018-44D4-BCEE-D785490E40D4}.Debug|x64.Build.0 = Debug|x64
		{502EA80C-A018-44D4-BCEE-D785490E40D4}.Debug|x86.ActiveCfg = Debug|Win32
		{502EA80C-A018-44D4-BCEE-D785490E40D4}.Debug|x86.Build.0 = Debug|Win32
		{502EA80C-A018-44D4-BCEE-D785490E40D4}.Release|x64.ActiveCfg = Release|x64
		{502EA80C-A018-44D4-BCEE-D785490E40D4}.Release|x64.Build.0 = Release|x64
		{502EA80C-A018-44D4-BCEE-D785490E40D4}.Release|x86.ActiveCfg = Release|Win32
		{502EA80C-A018-44D4-BCEE-D785490E40D4}.Release|x86.Build.0 = Release|Win32
	EndGlobalSection
	GlobalSection(SolutionProperties) = preSolution
		HideSolutionNode = FALSE
	EndGlobalSection
	GlobalSection(ExtensibilityGlobals) = postSolution
		SolutionGuid = {EC79D761-E396-4238-9ED8-93AFB93215C0}
	EndGlobalSection
EndGlobal
